
Microsoft Visual Studio Solution File, Format Version 12.00
# Visual Studio 15
VisualStudioVersion = 15.0.27130.2010
MinimumVisualStudioVersion = 10.0.40219.1
Project("{FAE04EC0-301F-11D3-BF4B-00C04F79EFBC}") = "Greeting", "Greeting\Greeting.csproj", "{E14459E7-5416-4981-A819-EE7B62B86067}"
EndProject
Project("{FAE04EC0-301F-11D3-BF4B-00C04F79EFBC}") = "Greeting.Test", "Greeting.Test\Greeting.Test.csproj", "{04D64618-2978-4683-8583-64A0D8A394F4}"
EndProject
Global
	GlobalSection(SolutionConfigurationPlatforms) = preSolution
		Debug|Any CPU = Debug|Any CPU
		Release|Any CPU = Release|Any CPU
	EndGlobalSection
	GlobalSection(ProjectConfigurationPlatforms) = postSolution
		{E14459E7-5416-4981-A819-EE7B62B86067}.Debug|Any CPU.ActiveCfg = Debug|Any CPU
		{E14459E7-5416-4981-A819-EE7B62B86067}.Debug|Any CPU.Build.0 = Debug|Any CPU
		{E14459E7-5416-4981-A819-EE7B62B86067}.Release|Any CPU.ActiveCfg = Release|Any CPU
		{E14459E7-5416-4981-A819-EE7B62B86067}.Release|Any CPU.Build.0 = Release|Any CPU
		{04D64618-2978-4683-8583-64A0D8A394F4}.Debug|Any CPU.ActiveCfg = Debug|Any CPU
		{04D64618-2978-4683-8583-64A0D8A394F4}.Debug|Any CPU.Build.0 = Debug|Any CPU
		{04D64618-2978-4683-8583-64A0D8A394F4}.Release|Any CPU.ActiveCfg = Release|Any CPU
		{04D64618-2978-4683-8583-64A0D8A394F4}.Release|Any CPU.Build.0 = Release|Any CPU
	EndGlobalSection
	GlobalSection(SolutionProperties) = preSolution
		HideSolutionNode = FALSE
	EndGlobalSection
	GlobalSection(ExtensibilityGlobals) = postSolution
		SolutionGuid = {7D565E5B-84D0-467E-8C57-4AA97FDF734C}
	EndGlobalSection
EndGlobal
